
Microsoft Visual Studio Solution File, Format Version 12.00
Project("{FAE04EC0-301F-11D3-BF4B-00C04F79EFBC}") = "WringingAPi", "WringingAPi\WringingAPi.csproj", "{309CB40D-8238-4889-A938-1832065CBE1E}"
EndProject
Global
	GlobalSection(SolutionConfigurationPlatforms) = preSolution
		Debug|Any CPU = Debug|Any CPU
		Release|Any CPU = Release|Any CPU
	EndGlobalSection
	GlobalSection(ProjectConfigurationPlatforms) = postSolution
		{309CB40D-8238-4889-A938-1832065CBE1E}.Debug|Any CPU.ActiveCfg = Debug|Any CPU
		{309CB40D-8238-4889-A938-1832065CBE1E}.Debug|Any CPU.Build.0 = Debug|Any CPU
		{309CB40D-8238-4889-A938-1832065CBE1E}.Release|Any CPU.ActiveCfg = Release|Any CPU
		{309CB40D-8238-4889-A938-1832065CBE1E}.Release|Any CPU.Build.0 = Release|Any CPU
	EndGlobalSection
EndGlobal
